
Microsoft Visual Studio Solution File, Format Version 12.00
# Visual Studio 15
VisualStudioVersion = 15.0.28307.572
MinimumVisualStudioVersion = 10.0.40219.1
Project("{FAE04EC0-301F-11D3-BF4B-00C04F79EFBC}") = "Start", "Start\Start.csproj", "{1FAB8260-104C-443A-ABC7-4B08842371B5}"
EndProject
Project("{FAE04EC0-301F-11D3-BF4B-00C04F79EFBC}") = "wpfloginscreen", "..\..\..\Desktop\wpfloginscreen\wpfloginscreen\wpfloginscreen.csproj", "{F949E2E8-5EDB-47DF-A07C-16444D40C9B9}"
EndProject
Project("{FAE04EC0-301F-11D3-BF4B-00C04F79EFBC}") = "Start.dll", "Start.dll\Start.dll.csproj", "{36E9083E-A799-441A-830D-E91C3B6A7BDE}"
EndProject
Global
	GlobalSection(SolutionConfigurationPlatforms) = preSolution
		Debug|Any CPU = Debug|Any CPU
		Release|Any CPU = Release|Any CPU
	EndGlobalSection
	GlobalSection(ProjectConfigurationPlatforms) = postSolution
		{1FAB8260-104C-443A-ABC7-4B08842371B5}.Debug|Any CPU.ActiveCfg = Debug|Any CPU
		{1FAB8260-104C-443A-ABC7-4B08842371B5}.Debug|Any CPU.Build.0 = Debug|Any CPU
		{1FAB8260-104C-443A-ABC7-4B08842371B5}.Release|Any CPU.ActiveCfg = Release|Any CPU
		{1FAB8260-104C-443A-ABC7-4B08842371B5}.Release|Any CPU.Build.0 = Release|Any CPU
		{F949E2E8-5EDB-47DF-A07C-16444D40C9B9}.Debug|Any CPU.ActiveCfg = Debug|Any CPU
		{F949E2E8-5EDB-47DF-A07C-16444D40C9B9}.Debug|Any CPU.Build.0 = Debug|Any CPU
		{F949E2E8-5EDB-47DF-A07C-16444D40C9B9}.Release|Any CPU.ActiveCfg = Release|Any CPU
		{F949E2E8-5EDB-47DF-A07C-16444D40C9B9}.Release|Any CPU.Build.0 = Release|Any CPU
		{36E9083E-A799-441A-830D-E91C3B6A7BDE}.Debug|Any CPU.ActiveCfg = Debug|Any CPU
		{36E9083E-A799-441A-830D-E91C3B6A7BDE}.Debug|Any CPU.Build.0 = Debug|Any CPU
		{36E9083E-A799-441A-830D-E91C3B6A7BDE}.Release|Any CPU.ActiveCfg = Release|Any CPU
		{36E9083E-A799-441A-830D-E91C3B6A7BDE}.Release|Any CPU.Build.0 = Release|Any CPU
	EndGlobalSection
	GlobalSection(SolutionProperties) = preSolution
		HideSolutionNode = FALSE
	EndGlobalSection
	GlobalSection(ExtensibilityGlobals) = postSolution
		SolutionGuid = {E3731709-3FBA-49DD-848A-8F99FC27CB7A}
	EndGlobalSection
EndGlobal
